
Microsoft Visual Studio Solution File, Format Version 12.00
# Visual Studio Version 16
VisualStudioVersion = 16.0.31410.357
MinimumVisualStudioVersion = 10.0.40219.1
Project("{FAE04EC0-301F-11D3-BF4B-00C04F79EFBC}") = "InventoryManagement", "InventoryManagement\InventoryManagement.csproj", "{049E2EA4-D7EA-4796-81B8-B046CDFA782D}"
EndProject
Global
	GlobalSection(SolutionConfigurationPlatforms) = preSolution
		Debug|Any CPU = Debug|Any CPU
		Release|Any CPU = Release|Any CPU
	EndGlobalSection
	GlobalSection(ProjectConfigurationPlatforms) = postSolution
		{049E2EA4-D7EA-4796-81B8-B046CDFA782D}.Debug|Any CPU.ActiveCfg = Debug|Any CPU
		{049E2EA4-D7EA-4796-81B8-B046CDFA782D}.Debug|Any CPU.Build.0 = Debug|Any CPU
		{049E2EA4-D7EA-4796-81B8-B046CDFA782D}.Release|Any CPU.ActiveCfg = Release|Any CPU
		{049E2EA4-D7EA-4796-81B8-B046CDFA782D}.Release|Any CPU.Build.0 = Release|Any CPU
	EndGlobalSection
	GlobalSection(SolutionProperties) = preSolution
		HideSolutionNode = FALSE
	EndGlobalSection
	GlobalSection(ExtensibilityGlobals) = postSolution
		SolutionGuid = {069EC9D6-A19D-492A-A118-CA70D5566DE6}
	EndGlobalSection
EndGlobal
